
Microsoft Visual Studio Solution File, Format Version 12.00
# Visual Studio 15
VisualStudioVersion = 15.0.27130.2003
MinimumVisualStudioVersion = 10.0.40219.1
Project("{9A19103F-16F7-4668-BE54-9A1E7A4F7556}") = "OSS.Http", "OSS.Http\OSS.Http.csproj", "{D7222211-6517-4316-9EE5-51A459418A5D}"
EndProject
Project("{9A19103F-16F7-4668-BE54-9A1E7A4F7556}") = "OSS.Http.Extention", "OSS.Http.Extention\OSS.Http.Extention.csproj", "{2CA1F706-2E29-485C-BD89-3ADE55272D8C}"
EndProject
Project("{9A19103F-16F7-4668-BE54-9A1E7A4F7556}") = "OSS.Http.Tests", "OSS.Http.Tests\OSS.Http.Tests.csproj", "{45185D08-39DC-4A79-A251-54ED22E8A862}"
EndProject
Global
	GlobalSection(SolutionConfigurationPlatforms) = preSolution
		Debug|Any CPU = Debug|Any CPU
		Debug|x64 = Debug|x64
		Debug|x86 = Debug|x86
		Release|Any CPU = Release|Any CPU
		Release|x64 = Release|x64
		Release|x86 = Release|x86
	EndGlobalSection
	GlobalSection(ProjectConfigurationPlatforms) = postSolution
		{D7222211-6517-4316-9EE5-51A459418A5D}.Debug|Any CPU.ActiveCfg = Release|Any CPU
		{D7222211-6517-4316-9EE5-51A459418A5D}.Debug|Any CPU.Build.0 = Release|Any CPU
		{D7222211-6517-4316-9EE5-51A459418A5D}.Debug|x64.ActiveCfg = Debug|Any CPU
		{D7222211-6517-4316-9EE5-51A459418A5D}.Debug|x64.Build.0 = Debug|Any CPU
		{D7222211-6517-4316-9EE5-51A459418A5D}.Debug|x86.ActiveCfg = Debug|Any CPU
		{D7222211-6517-4316-9EE5-51A459418A5D}.Debug|x86.Build.0 = Debug|Any CPU
		{D7222211-6517-4316-9EE5-51A459418A5D}.Release|Any CPU.ActiveCfg = Release|Any CPU
		{D7222211-6517-4316-9EE5-51A459418A5D}.Release|Any CPU.Build.0 = Release|Any CPU
		{D7222211-6517-4316-9EE5-51A459418A5D}.Release|x64.ActiveCfg = Release|Any CPU
		{D7222211-6517-4316-9EE5-51A459418A5D}.Release|x64.Build.0 = Release|Any CPU
		{D7222211-6517-4316-9EE5-51A459418A5D}.Release|x86.ActiveCfg = Release|Any CPU
		{D7222211-6517-4316-9EE5-51A459418A5D}.Release|x86.Build.0 = Release|Any CPU
		{2CA1F706-2E29-485C-BD89-3ADE55272D8C}.Debug|Any CPU.ActiveCfg = Release|Any CPU
		{2CA1F706-2E29-485C-BD89-3ADE55272D8C}.Debug|Any CPU.Build.0 = Release|Any CPU
		{2CA1F706-2E29-485C-BD89-3ADE55272D8C}.Debug|x64.ActiveCfg = Debug|Any CPU
		{2CA1F706-2E29-485C-BD89-3ADE55272D8C}.Debug|x64.Build.0 = Debug|Any CPU
		{2CA1F706-2E29-485C-BD89-3ADE55272D8C}.Debug|x86.ActiveCfg = Debug|Any CPU
		{2CA1F706-2E29-485C-BD89-3ADE55272D8C}.Debug|x86.Build.0 = Debug|Any CPU
		{2CA1F706-2E29-485C-BD89-3ADE55272D8C}.Release|Any CPU.ActiveCfg = Release|Any CPU
		{2CA1F706-2E29-485C-BD89-3ADE55272D8C}.Release|Any CPU.Build.0 = Release|Any CPU
		{2CA1F706-2E29-485C-BD89-3ADE55272D8C}.Release|x64.ActiveCfg = Release|Any CPU
		{2CA1F706-2E29-485C-BD89-3ADE55272D8C}.Release|x64.Build.0 = Release|Any CPU
		{2CA1F706-2E29-485C-BD89-3ADE55272D8C}.Release|x86.ActiveCfg = Release|Any CPU
		{2CA1F706-2E29-485C-BD89-3ADE55272D8C}.Release|x86.Build.0 = Release|Any CPU
		{45185D08-39DC-4A79-A251-54ED22E8A862}.Debug|Any CPU.ActiveCfg = Debug|Any CPU
		{45185D08-39DC-4A79-A251-54ED22E8A862}.Debug|Any CPU.Build.0 = Debug|Any CPU
		{45185D08-39DC-4A79-A251-54ED22E8A862}.Debug|x64.ActiveCfg = Debug|Any CPU
		{45185D08-39DC-4A79-A251-54ED22E8A862}.Debug|x64.Build.0 = Debug|Any CPU
		{45185D08-39DC-4A79-A251-54ED22E8A862}.Debug|x86.ActiveCfg = Debug|Any CPU
		{45185D08-39DC-4A79-A251-54ED22E8A862}.Debug|x86.Build.0 = Debug|Any CPU
		{45185D08-39DC-4A79-A251-54ED22E8A862}.Release|Any CPU.ActiveCfg = Release|Any CPU
		{45185D08-39DC-4A79-A251-54ED22E8A862}.Release|Any CPU.Build.0 = Release|Any CPU
		{45185D08-39DC-4A79-A251-54ED22E8A862}.Release|x64.ActiveCfg = Release|Any CPU
		{45185D08-39DC-4A79-A251-54ED22E8A862}.Release|x64.Build.0 = Release|Any CPU
		{45185D08-39DC-4A79-A251-54ED22E8A862}.Release|x86.ActiveCfg = Release|Any CPU
		{45185D08-39DC-4A79-A251-54ED22E8A862}.Release|x86.Build.0 = Release|Any CPU
	EndGlobalSection
	GlobalSection(SolutionProperties) = preSolution
		HideSolutionNode = FALSE
	EndGlobalSection
	GlobalSection(ExtensibilityGlobals) = postSolution
		SolutionGuid = {134DE297-4739-4C5B-A264-6C1E741D4385}
	EndGlobalSection
EndGlobal
